
Microsoft Visual Studio Solution File, Format Version 12.00
# Visual Studio Version 17
VisualStudioVersion = 17.4.33103.184
MinimumVisualStudioVersion = 10.0.40219.1
Project("{FAE04EC0-301F-11D3-BF4B-00C04F79EFBC}") = "Portfolio website", "Portfolio website.csproj", "{CAC5E2B3-DA0F-42D3-89C8-CFB859EB8975}"
EndProject
Global
	GlobalSection(SolutionConfigurationPlatforms) = preSolution
		Debug|Any CPU = Debug|Any CPU
		Release|Any CPU = Release|Any CPU
	EndGlobalSection
	GlobalSection(ProjectConfigurationPlatforms) = postSolution
		{CAC5E2B3-DA0F-42D3-89C8-CFB859EB8975}.Debug|Any CPU.ActiveCfg = Debug|Any CPU
		{CAC5E2B3-DA0F-42D3-89C8-CFB859EB8975}.Debug|Any CPU.Build.0 = Debug|Any CPU
		{CAC5E2B3-DA0F-42D3-89C8-CFB859EB8975}.Release|Any CPU.ActiveCfg = Release|Any CPU
		{CAC5E2B3-DA0F-42D3-89C8-CFB859EB8975}.Release|Any CPU.Build.0 = Release|Any CPU
	EndGlobalSection
	GlobalSection(SolutionProperties) = preSolution
		HideSolutionNode = FALSE
	EndGlobalSection
	GlobalSection(ExtensibilityGlobals) = postSolution
		SolutionGuid = {C284D652-0AB7-4F0F-B977-DAB50A750CFB}
	EndGlobalSection
EndGlobal
